Microsoft Visual Studio Solution File, Format Version 12.00
# Visual Studio Version 17
VisualStudioVersion = 17.5.2.0
MinimumVisualStudioVersion = 10.0.40219.1
Project("{2150E333-8FDC-42A3-9474-1A3956D46DE8}") = "DKIP.PP.PM.06-testProject", "DKIP.PP.PM.06-testProject", "{8E2DA7ED-286C-488B-EEE6-CE30C598FE39}"
EndProject
Project("{2150E333-8FDC-42A3-9474-1A3956D46DE8}") = "ppSIS", "ppSIS", "{8C422EBC-65E1-3573-7A5E-8B52C0B4650F}"
EndProject
Project("{FAE04EC0-301F-11D3-BF4B-00C04F79EFBC}") = "ServiceDesk.Api", "DKIP.PP.PM.06-testProject\ppSIS\ServiceDesk.Api\ServiceDesk.Api.csproj", "{78D66E1A-D9C4-07B5-64D5-2F3DCD902FFC}"
EndProject
Global
	GlobalSection(SolutionConfigurationPlatforms) = preSolution
		Debug|Any CPU = Debug|Any CPU
		Release|Any CPU = Release|Any CPU
	EndGlobalSection
	GlobalSection(ProjectConfigurationPlatforms) = postSolution
		{78D66E1A-D9C4-07B5-64D5-2F3DCD902FFC}.Debug|Any CPU.ActiveCfg = Debug|Any CPU
		{78D66E1A-D9C4-07B5-64D5-2F3DCD902FFC}.Debug|Any CPU.Build.0 = Debug|Any CPU
		{78D66E1A-D9C4-07B5-64D5-2F3DCD902FFC}.Release|Any CPU.ActiveCfg = Release|Any CPU
		{78D66E1A-D9C4-07B5-64D5-2F3DCD902FFC}.Release|Any CPU.Build.0 = Release|Any CPU
	EndGlobalSection
	GlobalSection(SolutionProperties) = preSolution
		HideSolutionNode = FALSE
	EndGlobalSection
	GlobalSection(NestedProjects) = preSolution
		{8C422EBC-65E1-3573-7A5E-8B52C0B4650F} = {8E2DA7ED-286C-488B-EEE6-CE30C598FE39}
		{78D66E1A-D9C4-07B5-64D5-2F3DCD902FFC} = {8C422EBC-65E1-3573-7A5E-8B52C0B4650F}
	EndGlobalSection
	GlobalSection(ExtensibilityGlobals) = postSolution
		SolutionGuid = {D3A25F01-5B12-40AC-81D1-3B34FF5E1981}
	EndGlobalSection
EndGlobal
